// !$*UTF8*$!
{
	archiveVersion = 1;
	classes = {
	};
	objectVersion = 48;
	objects = {

/* Begin PBXBuildFile section */
		587589282064AFFC008A13CF /* AppDelegate.m in Sources */ = {isa = PBXBuildFile; fileRef = 587589272064AFFC008A13CF /* AppDelegate.m */; };
		5875892B2064AFFC008A13CF /* ViewController.m in Sources */ = {isa = PBXBuildFile; fileRef = 5875892A2064AFFC008A13CF /* ViewController.m */; };
		587589302064AFFC008A13CF /* Assets.xcassets in Resources */ = {isa = PBXBuildFile; fileRef = 5875892F2064AFFC008A13CF /* Assets.xcassets */; };
		587589332064AFFC008A13CF /* LaunchScreen.storyboard in Resources */ = {isa = PBXBuildFile; fileRef = 587589312064AFFC008A13CF /* LaunchScreen.storyboard */; };
		587589362064AFFC008A13CF /* main.m in Sources */ = {isa = PBXBuildFile; fileRef = 587589352064AFFC008A13CF /* main.m */; };
		5875895C2064B0C0008A13CF /* CXLMainController.m in Sources */ = {isa = PBXBuildFile; fileRef = 5875895B2064B0C0008A13CF /* CXLMainController.m */; };
		5875895F2064B31D008A13CF /* UIButton+CXLAliment.m in Sources */ = {isa = PBXBuildFile; fileRef = 5875895E2064B31D008A13CF /* UIButton+CXLAliment.m */; };
		C301FA5E206D1F3600339257 /* NSString+CXLCommon.m in Sources */ = {isa = PBXBuildFile; fileRef = C301FA5D206D1F3600339257 /* NSString+CXLCommon.m */; };
		C301FA61206D217C00339257 /* UIImage+CXLCommon.m in Sources */ = {isa = PBXBuildFile; fileRef = C301FA60206D217C00339257 /* UIImage+CXLCommon.m */; };
		C301FA64206D223C00339257 /* NSFileManager+CXLUtils.m in Sources */ = {isa = PBXBuildFile; fileRef = C301FA63206D223C00339257 /* NSFileManager+CXLUtils.m */; };
		C301FA68206D264700339257 /* CXLTableView.m in Sources */ = {isa = PBXBuildFile; fileRef = C301FA67206D264700339257 /* CXLTableView.m */; };
		C301FA6C206D2ED900339257 /* CXLSettingManager.m in Sources */ = {isa = PBXBuildFile; fileRef = C301FA6B206D2ED900339257 /* CXLSettingManager.m */; };
		C30353422066A73900975A6A /* UIViewController+CXLTracking.m in Sources */ = {isa = PBXBuildFile; fileRef = C30353412066A73900975A6A /* UIViewController+CXLTracking.m */; };
		C3088FD02092F4CB001D6924 /* CXLConstants.m in Sources */ = {isa = PBXBuildFile; fileRef = C3088FCF2092F4CB001D6924 /* CXLConstants.m */; };
		C3EEAC6920EE13CA009795CC /* UIView+CornerRadio.m in Sources */ = {isa = PBXBuildFile; fileRef = C3EEAC6820EE13C9009795CC /* UIView+CornerRadio.m */; };
/* End PBXBuildFile section */

/* Begin PBXFileReference section */
		587589232064AFFC008A13CF /* CommonCategories.app */ = {isa = PBXFileReference; explicitFileType = wrapper.application; includeInIndex = 0; path = CommonCategories.app; sourceTree = BUILT_PRODUCTS_DIR; };
		587589262064AFFC008A13CF /* AppDelegate.h */ = {isa = PBXFileReference; lastKnownFileType = sourcecode.c.h; path = AppDelegate.h; sourceTree = "<group>"; };
		587589272064AFFC008A13CF /* AppDelegate.m */ = {isa = PBXFileReference; lastKnownFileType = sourcecode.c.objc; path = AppDelegate.m; sourceTree = "<group>"; };
		587589292064AFFC008A13CF /* ViewController.h */ = {isa = PBXFileReference; lastKnownFileType = sourcecode.c.h; path = ViewController.h; sourceTree = "<group>"; };
		5875892A2064AFFC008A13CF /* ViewController.m */ = {isa = PBXFileReference; lastKnownFileType = sourcecode.c.objc; path = ViewController.m; sourceTree = "<group>"; };
		5875892F2064AFFC008A13CF /* Assets.xcassets */ = {isa = PBXFileReference; lastKnownFileType = folder.assetcatalog; path = Assets.xcassets; sourceTree = "<group>"; };
		587589322064AFFC008A13CF /* Base */ = {isa = PBXFileReference; lastKnownFileType = file.storyboard; name = Base; path = Base.lproj/LaunchScreen.storyboard; sourceTree = "<group>"; };
		587589342064AFFC008A13CF /* Info.plist */ = {isa = PBXFileReference; lastKnownFileType = text.plist.xml; path = Info.plist; sourceTree = "<group>"; };
		587589352064AFFC008A13CF /* main.m */ = {isa = PBXFileReference; lastKnownFileType = sourcecode.c.objc; path = main.m; sourceTree = "<group>"; };
		5875895A2064B0C0008A13CF /* CXLMainController.h */ = {isa = PBXFileReference; lastKnownFileType = sourcecode.c.h; path = CXLMainController.h; sourceTree = "<group>"; };
		5875895B2064B0C0008A13CF /* CXLMainController.m */ = {isa = PBXFileReference; lastKnownFileType = sourcecode.c.objc; path = CXLMainController.m; sourceTree = "<group>"; };
		5875895D2064B31D008A13CF /* UIButton+CXLAliment.h */ = {isa = PBXFileReference; lastKnownFileType = sourcecode.c.h; path = "UIButton+CXLAliment.h"; sourceTree = "<group>"; };
		5875895E2064B31D008A13CF /* UIButton+CXLAliment.m */ = {isa = PBXFileReference; lastKnownFileType = sourcecode.c.objc; path = "UIButton+CXLAliment.m"; sourceTree = "<group>"; };
		C301FA5C206D1F3600339257 /* NSString+CXLCommon.h */ = {isa = PBXFileReference; lastKnownFileType = sourcecode.c.h; path = "NSString+CXLCommon.h"; sourceTree = "<group>"; };
		C301FA5D206D1F3600339257 /* NSString+CXLCommon.m */ = {isa = PBXFileReference; lastKnownFileType = sourcecode.c.objc; path = "NSString+CXLCommon.m"; sourceTree = "<group>"; };
		C301FA5F206D217C00339257 /* UIImage+CXLCommon.h */ = {isa = PBXFileReference; lastKnownFileType = sourcecode.c.h; path = "UIImage+CXLCommon.h"; sourceTree = "<group>"; };
		C301FA60206D217C00339257 /* UIImage+CXLCommon.m */ = {isa = PBXFileReference; lastKnownFileType = sourcecode.c.objc; path = "UIImage+CXLCommon.m"; sourceTree = "<group>"; };
		C301FA62206D223C00339257 /* NSFileManager+CXLUtils.h */ = {isa = PBXFileReference; lastKnownFileType = sourcecode.c.h; path = "NSFileManager+CXLUtils.h"; sourceTree = "<group>"; };
		C301FA63206D223C00339257 /* NSFileManager+CXLUtils.m */ = {isa = PBXFileReference; lastKnownFileType = sourcecode.c.objc; path = "NSFileManager+CXLUtils.m"; sourceTree = "<group>"; };
		C301FA66206D264700339257 /* CXLTableView.h */ = {isa = PBXFileReference; lastKnownFileType = sourcecode.c.h; path = CXLTableView.h; sourceTree = "<group>"; };
		C301FA67206D264700339257 /* CXLTableView.m */ = {isa = PBXFileReference; lastKnownFileType = sourcecode.c.objc; path = CXLTableView.m; sourceTree = "<group>"; };
		C301FA6A206D2ED900339257 /* CXLSettingManager.h */ = {isa = PBXFileReference; lastKnownFileType = sourcecode.c.h; path = CXLSettingManager.h; sourceTree = "<group>"; };
		C301FA6B206D2ED900339257 /* CXLSettingManager.m */ = {isa = PBXFileReference; lastKnownFileType = sourcecode.c.objc; path = CXLSettingManager.m; sourceTree = "<group>"; };
		C30353402066A73900975A6A /* UIViewController+CXLTracking.h */ = {isa = PBXFileReference; lastKnownFileType = sourcecode.c.h; path = "UIViewController+CXLTracking.h"; sourceTree = "<group>"; };
		C30353412066A73900975A6A /* UIViewController+CXLTracking.m */ = {isa = PBXFileReference; lastKnownFileType = sourcecode.c.objc; path = "UIViewController+CXLTracking.m"; sourceTree = "<group>"; };
		C3088FCE2092F4CB001D6924 /* CXLConstants.h */ = {isa = PBXFileReference; lastKnownFileType = sourcecode.c.h; path = CXLConstants.h; sourceTree = "<group>"; };
		C3088FCF2092F4CB001D6924 /* CXLConstants.m */ = {isa = PBXFileReference; lastKnownFileType = sourcecode.c.objc; path = CXLConstants.m; sourceTree = "<group>"; };
		C3EEAC6720EE13C9009795CC /* UIView+CornerRadio.h */ = {isa = PBXFileReference; fileEncoding = 4; lastKnownFileType = sourcecode.c.h; path = "UIView+CornerRadio.h"; sourceTree = "<group>"; };
		C3EEAC6820EE13C9009795CC /* UIView+CornerRadio.m */ = {isa = PBXFileReference; fileEncoding = 4; lastKnownFileType = sourcecode.c.objc; path = "UIView+CornerRadio.m"; sourceTree = "<group>"; };
/* End PBXFileReference section */

/* Begin PBXFrameworksBuildPhase section */
		587589202064AFFC008A13CF /* Frameworks */ = {
			isa = PBXFrameworksBuildPhase;
			buildActionMask = 2147483647;
			files = (
			);
			runOnlyForDeploymentPostprocessing = 0;
		};
/* End PBXFrameworksBuildPhase section */

/* Begin PBXGroup section */
		5875891A2064AFFC008A13CF = {
			isa = PBXGroup;
			children = (
				587589252064AFFC008A13CF /* CommonCategories */,
				587589242064AFFC008A13CF /* Products */,
			);
			sourceTree = "<group>";
		};
		587589242064AFFC008A13CF /* Products */ = {
			isa = PBXGroup;
			children = (
				587589232064AFFC008A13CF /* CommonCategories.app */,
			);
			name = Products;
			sourceTree = "<group>";
		};
		587589252064AFFC008A13CF /* CommonCategories */ = {
			isa = PBXGroup;
			children = (
				587589592064B07D008A13CF /* Controller */,
				C301FA69206D2EB800339257 /* Manager */,
				C301FA65206D25DD00339257 /* Common */,
				587589582064B07A008A13CF /* Categories */,
				587589262064AFFC008A13CF /* AppDelegate.h */,
				587589272064AFFC008A13CF /* AppDelegate.m */,
				587589292064AFFC008A13CF /* ViewController.h */,
				5875892A2064AFFC008A13CF /* ViewController.m */,
				5875892F2064AFFC008A13CF /* Assets.xcassets */,
				587589312064AFFC008A13CF /* LaunchScreen.storyboard */,
				587589342064AFFC008A13CF /* Info.plist */,
				587589352064AFFC008A13CF /* main.m */,
			);
			path = CommonCategories;
			sourceTree = "<group>";
		};
		587589582064B07A008A13CF /* Categories */ = {
			isa = PBXGroup;
			children = (
				C3EEAC6720EE13C9009795CC /* UIView+CornerRadio.h */,
				C3EEAC6820EE13C9009795CC /* UIView+CornerRadio.m */,
				5875895D2064B31D008A13CF /* UIButton+CXLAliment.h */,
				5875895E2064B31D008A13CF /* UIButton+CXLAliment.m */,
				C30353402066A73900975A6A /* UIViewController+CXLTracking.h */,
				C30353412066A73900975A6A /* UIViewController+CXLTracking.m */,
				C301FA5C206D1F3600339257 /* NSString+CXLCommon.h */,
				C301FA5D206D1F3600339257 /* NSString+CXLCommon.m */,
				C301FA5F206D217C00339257 /* UIImage+CXLCommon.h */,
				C301FA60206D217C00339257 /* UIImage+CXLCommon.m */,
				C301FA62206D223C00339257 /* NSFileManager+CXLUtils.h */,
				C301FA63206D223C00339257 /* NSFileManager+CXLUtils.m */,
			);
			path = Categories;
			sourceTree = "<group>";
		};
		587589592064B07D008A13CF /* Controller */ = {
			isa = PBXGroup;
			children = (
				5875895A2064B0C0008A13CF /* CXLMainController.h */,
				5875895B2064B0C0008A13CF /* CXLMainController.m */,
			);
			path = Controller;
			sourceTree = "<group>";
		};
		C301FA65206D25DD00339257 /* Common */ = {
			isa = PBXGroup;
			children = (
				C301FA66206D264700339257 /* CXLTableView.h */,
				C301FA67206D264700339257 /* CXLTableView.m */,
				C3088FCE2092F4CB001D6924 /* CXLConstants.h */,
				C3088FCF2092F4CB001D6924 /* CXLConstants.m */,
			);
			path = Common;
			sourceTree = "<group>";
		};
		C301FA69206D2EB800339257 /* Manager */ = {
			isa = PBXGroup;
			children = (
				C301FA6A206D2ED900339257 /* CXLSettingManager.h */,
				C301FA6B206D2ED900339257 /* CXLSettingManager.m */,
			);
			path = Manager;
			sourceTree = "<group>";
		};
/* End PBXGroup section */

/* Begin PBXNativeTarget section */
		587589222064AFFC008A13CF /* CommonCategories */ = {
			isa = PBXNativeTarget;
			buildConfigurationList = 5875894F2064AFFC008A13CF /* Build configuration list for PBXNativeTarget "CommonCategories" */;
			buildPhases = (
				5875891F2064AFFC008A13CF /* Sources */,
				587589202064AFFC008A13CF /* Frameworks */,
				587589212064AFFC008A13CF /* Resources */,
			);
			buildRules = (
			);
			dependencies = (
			);
			name = CommonCategories;
			productName = CommonCategories;
			productReference = 587589232064AFFC008A13CF /* CommonCategories.app */;
			productType = "com.apple.product-type.application";
		};
/* End PBXNativeTarget section */

/* Begin PBXProject section */
		5875891B2064AFFC008A13CF /* Project object */ = {
			isa = PBXProject;
			attributes = {
				LastUpgradeCheck = 0900;
				ORGANIZATIONNAME = caoxueliang.cn;
				TargetAttributes = {
					587589222064AFFC008A13CF = {
						CreatedOnToolsVersion = 9.0;
						ProvisioningStyle = Automatic;
					};
				};
			};
			buildConfigurationList = 5875891E2064AFFC008A13CF /* Build configuration list for PBXProject "CommonCategories" */;
			compatibilityVersion = "Xcode 8.0";
			developmentRegion = en;
			hasScannedForEncodings = 0;
			knownRegions = (
				en,
				Base,
			);
			mainGroup = 5875891A2064AFFC008A13CF;
			productRefGroup = 587589242064AFFC008A13CF /* Products */;
			projectDirPath = "";
			projectRoot = "";
			targets = (
				587589222064AFFC008A13CF /* CommonCategories */,
			);
		};
/* End PBXProject section */

/* Begin PBXResourcesBuildPhase section */
		587589212064AFFC008A13CF /* Resources */ = {
			isa = PBXResourcesBuildPhase;
			buildActionMask = 2147483647;
			files = (
				587589332064AFFC008A13CF /* LaunchScreen.storyboard in Resources */,
				587589302064AFFC008A13CF /* Assets.xcassets in Resources */,
			);
			runOnlyForDeploymentPostprocessing = 0;
		};
/* End PBXResourcesBuildPhase section */

/* Begin PBXSourcesBuildPhase section */
		5875891F2064AFFC008A13CF /* Sources */ = {
			isa = PBXSourcesBuildPhase;
			buildActionMask = 2147483647;
			files = (
				C301FA5E206D1F3600339257 /* NSString+CXLCommon.m in Sources */,
				5875892B2064AFFC008A13CF /* ViewController.m in Sources */,
				C301FA61206D217C00339257 /* UIImage+CXLCommon.m in Sources */,
				C3EEAC6920EE13CA009795CC /* UIView+CornerRadio.m in Sources */,
				C301FA6C206D2ED900339257 /* CXLSettingManager.m in Sources */,
				5875895F2064B31D008A13CF /* UIButton+CXLAliment.m in Sources */,
				C3088FD02092F4CB001D6924 /* CXLConstants.m in Sources */,
				587589362064AFFC008A13CF /* main.m in Sources */,
				C301FA64206D223C00339257 /* NSFileManager+CXLUtils.m in Sources */,
				C30353422066A73900975A6A /* UIViewController+CXLTracking.m in Sources */,
				5875895C2064B0C0008A13CF /* CXLMainController.m in Sources */,
				587589282064AFFC008A13CF /* AppDelegate.m in Sources */,
				C301FA68206D264700339257 /* CXLTableView.m in Sources */,
			);
			runOnlyForDeploymentPostprocessing = 0;
		};
/* End PBXSourcesBuildPhase section */

/* Begin PBXVariantGroup section */
		587589312064AFFC008A13CF /* LaunchScreen.storyboard */ = {
			isa = PBXVariantGroup;
			children = (
				587589322064AFFC008A13CF /* Base */,
			);
			name = LaunchScreen.storyboard;
			sourceTree = "<group>";
		};
/* End PBXVariantGroup section */

/* Begin XCBuildConfiguration section */
		5875894D2064AFFC008A13CF /* Debug */ = {
			isa = XCBuildConfiguration;
			buildSettings = {
				ALWAYS_SEARCH_USER_PATHS = NO;
				CLANG_ANALYZER_NONNULL = YES;
				CLANG_ANALYZER_NUMBER_OBJECT_CONVERSION = YES_AGGRESSIVE;
				CLANG_CXX_LANGUAGE_STANDARD = "gnu++14";
				CLANG_CXX_LIBRARY = "libc++";
				CLANG_ENABLE_MODULES = YES;
				CLANG_ENABLE_OBJC_ARC = YES;
				CLANG_WARN_BLOCK_CAPTURE_AUTORELEASING = YES;
				CLANG_WARN_BOOL_CONVERSION = YES;
				CLANG_WARN_COMMA = YES;
				CLANG_WARN_CONSTANT_CONVERSION = YES;
				CLANG_WARN_DIRECT_OBJC_ISA_USAGE = YES_ERROR;
				CLANG_WARN_DOCUMENTATION_COMMENTS = YES;
				CLANG_WARN_EMPTY_BODY = YES;
				CLANG_WARN_ENUM_CONVERSION = YES;
				CLANG_WARN_INFINITE_RECURSION = YES;
				CLANG_WARN_INT_CONVERSION = YES;
				CLANG_WARN_NON_LITERAL_NULL_CONVERSION = YES;
				CLANG_WARN_OBJC_LITERAL_CONVERSION = YES;
				CLANG_WARN_OBJC_ROOT_CLASS = YES_ERROR;
				CLANG_WARN_RANGE_LOOP_ANALYSIS = YES;
				CLANG_WARN_STRICT_PROTOTYPES = YES;
				CLANG_WARN_SUSPICIOUS_MOVE = YES;
				CLANG_WARN_UNGUARDED_AVAILABILITY = YES_AGGRESSIVE;
				CLANG_WARN_UNREACHABLE_CODE = YES;
				CLANG_WARN__DUPLICATE_METHOD_MATCH = YES;
				CODE_SIGN_IDENTITY = "iPhone Developer";
				COPY_PHASE_STRIP = NO;
				DEBUG_INFORMATION_FORMAT = dwarf;
				ENABLE_STRICT_OBJC_MSGSEND = YES;
				ENABLE_TESTABILITY = YES;
				GCC_C_LANGUAGE_STANDARD = gnu11;
				GCC_DYNAMIC_NO_PIC = NO;
				GCC_NO_COMMON_BLOCKS = YES;
				GCC_OPTIMIZATION_LEVEL = 0;
				GCC_PREPROCESSOR_DEFINITIONS = (
					"DEBUG=1",
					"$(inherited)",
				);
				GCC_WARN_64_TO_32_BIT_CONVERSION = YES;
				GCC_WARN_ABOUT_RETURN_TYPE = YES_ERROR;
				GCC_WARN_UNDECLARED_SELECTOR = YES;
				GCC_WARN_UNINITIALIZED_AUTOS = YES_AGGRESSIVE;
				GCC_WARN_UNUSED_FUNCTION = YES;
				GCC_WARN_UNUSED_VARIABLE = YES;
				IPHONEOS_DEPLOYMENT_TARGET = 10.0;
				MTL_ENABLE_DEBUG_INFO = YES;
				ONLY_ACTIVE_ARCH = YES;
				SDKROOT = iphoneos;
			};
			name = Debug;
		};
		5875894E2064AFFC008A13CF /* Release */ = {
			isa = XCBuildConfiguration;
			buildSettings = {
				ALWAYS_SEARCH_USER_PATHS = NO;
				CLANG_ANALYZER_NONNULL = YES;
				CLANG_ANALYZER_NUMBER_OBJECT_CONVERSION = YES_AGGRESSIVE;
				CLANG_CXX_LANGUAGE_STANDARD = "gnu++14";
				CLANG_CXX_LIBRARY = "libc++";
				CLANG_ENABLE_MODULES = YES;
				CLANG_ENABLE_OBJC_ARC = YES;
				CLANG_WARN_BLOCK_CAPTURE_AUTORELEASING = YES;
				CLANG_WARN_BOOL_CONVERSION = YES;
				CLANG_WARN_COMMA = YES;
				CLANG_WARN_CONSTANT_CONVERSION = YES;
				CLANG_WARN_DIRECT_OBJC_ISA_USAGE = YES_ERROR;
				CLANG_WARN_DOCUMENTATION_COMMENTS = YES;
				CLANG_WARN_EMPTY_BODY = YES;
				CLANG_WARN_ENUM_CONVERSION = YES;
				CLANG_WARN_INFINITE_RECURSION = YES;
				CLANG_WARN_INT_CONVERSION = YES;
				CLANG_WARN_NON_LITERAL_NULL_CONVERSION = YES;
				CLANG_WARN_OBJC_LITERAL_CONVERSION = YES;
				CLANG_WARN_OBJC_ROOT_CLASS = YES_ERROR;
				CLANG_WARN_RANGE_LOOP_ANALYSIS = YES;
				CLANG_WARN_STRICT_PROTOTYPES = YES;
				CLANG_WARN_SUSPICIOUS_MOVE = YES;
				CLANG_WARN_UNGUARDED_AVAILABILITY = YES_AGGRESSIVE;
				CLANG_WARN_UNREACHABLE_CODE = YES;
				CLANG_WARN__DUPLICATE_METHOD_MATCH = YES;
				CODE_SIGN_IDENTITY = "iPhone Developer";
				COPY_PHASE_STRIP = NO;
				DEBUG_INFORMATION_FORMAT = "dwarf-with-dsym";
				ENABLE_NS_ASSERTIONS = NO;
				ENABLE_STRICT_OBJC_MSGSEND = YES;
				GCC_C_LANGUAGE_STANDARD = gnu11;
				GCC_NO_COMMON_BLOCKS = YES;
				GCC_WARN_64_TO_32_BIT_CONVERSION = YES;
				GCC_WARN_ABOUT_RETURN_TYPE = YES_ERROR;
				GCC_WARN_UNDECLARED_SELECTOR = YES;
				GCC_WARN_UNINITIALIZED_AUTOS = YES_AGGRESSIVE;
				GCC_WARN_UNUSED_FUNCTION = YES;
				GCC_WARN_UNUSED_VARIABLE = YES;
				IPHONEOS_DEPLOYMENT_TARGET = 10.0;
				MTL_ENABLE_DEBUG_INFO = NO;
				SDKROOT = iphoneos;
				VALIDATE_PRODUCT = YES;
			};
			name = Release;
		};
		587589502064AFFC008A13CF /* Debug */ = {
			isa = XCBuildConfiguration;
			buildSettings = {
				ASSETCATALOG_COMPILER_APPICON_NAME = AppIcon;
				CODE_SIGN_STYLE = Automatic;
				DEVELOPMENT_TEAM = AWBA2L5NNX;
				INFOPLIST_FILE = CommonCategories/Info.plist;
				IPHONEOS_DEPLOYMENT_TARGET = 10.0;
				LD_RUNPATH_SEARCH_PATHS = "$(inherited) @executable_path/Frameworks";
				PRODUCT_BUNDLE_IDENTIFIER = caoxueliang.CommonCategories;
				PRODUCT_NAME = "$(TARGET_NAME)";
				TARGETED_DEVICE_FAMILY = "1,2";
			};
			name = Debug;
		};
		587589512064AFFC008A13CF /* Release */ = {
			isa = XCBuildConfiguration;
			buildSettings = {
				ASSETCATALOG_COMPILER_APPICON_NAME = AppIcon;
				CODE_SIGN_STYLE = Automatic;
				DEVELOPMENT_TEAM = AWBA2L5NNX;
				INFOPLIST_FILE = CommonCategories/Info.plist;
				IPHONEOS_DEPLOYMENT_TARGET = 10.0;
				LD_RUNPATH_SEARCH_PATHS = "$(inherited) @executable_path/Frameworks";
				PRODUCT_BUNDLE_IDENTIFIER = caoxueliang.CommonCategories;
				PRODUCT_NAME = "$(TARGET_NAME)";
				TARGETED_DEVICE_FAMILY = "1,2";
			};
			name = Release;
		};
/* End XCBuildConfiguration section */

/* Begin XCConfigurationList section */
		5875891E2064AFFC008A13CF /* Build configuration list for PBXProject "CommonCategories" */ = {
			isa = XCConfigurationList;
			buildConfigurations = (
				5875894D2064AFFC008A13CF /* Debug */,
				5875894E2064AFFC008A13CF /* Release */,
			);
			defaultConfigurationIsVisible = 0;
			defaultConfigurationName = Release;
		};
		5875894F2064AFFC008A13CF /* Build configuration list for PBXNativeTarget "CommonCategories" */ = {
			isa = XCConfigurationList;
			buildConfigurations = (
				587589502064AFFC008A13CF /* Debug */,
				587589512064AFFC008A13CF /* Release */,
			);
			defaultConfigurationIsVisible = 0;
			defaultConfigurationName = Release;
		};
/* End XCConfigurationList section */
	};
	rootObject = 5875891B2064AFFC008A13CF /* Project object */;
}
